// !$*UTF8*$!
{
	archiveVersion = 1;
	classes = {
	};
	objectVersion = 56;
	objects = {

/* Begin PBXBuildFile section */
		3B54260E2CD1A9660013759D /* Socket_Plug_ExpApp.swift in Sources */ = {isa = PBXBuildFile; fileRef = 3B54260D2CD1A9660013759D /* Socket_Plug_ExpApp.swift */; };
		3B5426102CD1A9660013759D /* ContentView.swift in Sources */ = {isa = PBXBuildFile; fileRef = 3B54260F2CD1A9660013759D /* ContentView.swift */; };
		3B5426122CD1A9680013759D /* Assets.xcassets in Resources */ = {isa = PBXBuildFile; fileRef = 3B5426112CD1A9680013759D /* Assets.xcassets */; };
		3B5426162CD1A9680013759D /* Preview Assets.xcassets in Resources */ = {isa = PBXBuildFile; fileRef = 3B5426152CD1A9680013759D /* Preview Assets.xcassets */; };
		3B5426222CD1D5AD0013759D /* TeamA in Frameworks */ = {isa = PBXBuildFile; productRef = 3B5426212CD1D5AD0013759D /* TeamA */; };
		3B5426242CD1DABC0013759D /* AppDelegate.swift in Sources */ = {isa = PBXBuildFile; fileRef = 3B5426232CD1DABC0013759D /* AppDelegate.swift */; };
		3B5426432CD1F54B0013759D /* DesignKit in Frameworks */ = {isa = PBXBuildFile; productRef = 3B5426422CD1F54B0013759D /* DesignKit */; };
		3B5426482CD1FBF90013759D /* TeamB in Frameworks */ = {isa = PBXBuildFile; productRef = 3B5426472CD1FBF90013759D /* TeamB */; };
/* End PBXBuildFile section */

/* Begin PBXFileReference section */
		3B54260A2CD1A9660013759D /* Socket Plug Exp.app */ = {isa = PBXFileReference; explicitFileType = wrapper.application; includeInIndex = 0; path = "Socket Plug Exp.app"; sourceTree = BUILT_PRODUCTS_DIR; };
		3B54260D2CD1A9660013759D /* Socket_Plug_ExpApp.swift */ = {isa = PBXFileReference; lastKnownFileType = sourcecode.swift; path = Socket_Plug_ExpApp.swift; sourceTree = "<group>"; };
		3B54260F2CD1A9660013759D /* ContentView.swift */ = {isa = PBXFileReference; lastKnownFileType = sourcecode.swift; path = ContentView.swift; sourceTree = "<group>"; };
		3B5426112CD1A9680013759D /* Assets.xcassets */ = {isa = PBXFileReference; lastKnownFileType = folder.assetcatalog; path = Assets.xcassets; sourceTree = "<group>"; };
		3B5426132CD1A9680013759D /* Socket_Plug_Exp.entitlements */ = {isa = PBXFileReference; lastKnownFileType = text.plist.entitlements; path = Socket_Plug_Exp.entitlements; sourceTree = "<group>"; };
		3B5426152CD1A9680013759D /* Preview Assets.xcassets */ = {isa = PBXFileReference; lastKnownFileType = folder.assetcatalog; path = "Preview Assets.xcassets"; sourceTree = "<group>"; };
		3B54261C2CD1B98F0013759D /* DesignKit */ = {isa = PBXFileReference; lastKnownFileType = text; path = DesignKit; sourceTree = SOURCE_ROOT; };
		3B5426202CD1D4C20013759D /* TeamA */ = {isa = PBXFileReference; lastKnownFileType = text; path = TeamA; sourceTree = SOURCE_ROOT; };
		3B5426232CD1DABC0013759D /* AppDelegate.swift */ = {isa = PBXFileReference; lastKnownFileType = sourcecode.swift; path = AppDelegate.swift; sourceTree = "<group>"; };
		3B5426462CD1FBA00013759D /* TeamB */ = {isa = PBXFileReference; lastKnownFileType = text; path = TeamB; sourceTree = SOURCE_ROOT; };
/* End PBXFileReference section */

/* Begin PBXFrameworksBuildPhase section */
		3B5426072CD1A9660013759D /* Frameworks */ = {
			isa = PBXFrameworksBuildPhase;
			buildActionMask = 2147483647;
			files = (
				3B5426482CD1FBF90013759D /* TeamB in Frameworks */,
				3B5426222CD1D5AD0013759D /* TeamA in Frameworks */,
				3B5426432CD1F54B0013759D /* DesignKit in Frameworks */,
			);
			runOnlyForDeploymentPostprocessing = 0;
		};
/* End PBXFrameworksBuildPhase section */

/* Begin PBXGroup section */
		3B5426012CD1A9660013759D = {
			isa = PBXGroup;
			children = (
				3B54260C2CD1A9660013759D /* Socket Plug Exp */,
				3B54260B2CD1A9660013759D /* Products */,
				3B54261D2CD1BC530013759D /* Frameworks */,
			);
			sourceTree = "<group>";
		};
		3B54260B2CD1A9660013759D /* Products */ = {
			isa = PBXGroup;
			children = (
				3B54260A2CD1A9660013759D /* Socket Plug Exp.app */,
			);
			name = Products;
			sourceTree = "<group>";
		};
		3B54260C2CD1A9660013759D /* Socket Plug Exp */ = {
			isa = PBXGroup;
			children = (
				3B5426462CD1FBA00013759D /* TeamB */,
				3B5426202CD1D4C20013759D /* TeamA */,
				3B54261C2CD1B98F0013759D /* DesignKit */,
				3B54260D2CD1A9660013759D /* Socket_Plug_ExpApp.swift */,
				3B5426232CD1DABC0013759D /* AppDelegate.swift */,
				3B54260F2CD1A9660013759D /* ContentView.swift */,
				3B5426112CD1A9680013759D /* Assets.xcassets */,
				3B5426132CD1A9680013759D /* Socket_Plug_Exp.entitlements */,
				3B5426142CD1A9680013759D /* Preview Content */,
			);
			path = "Socket Plug Exp";
			sourceTree = "<group>";
		};
		3B5426142CD1A9680013759D /* Preview Content */ = {
			isa = PBXGroup;
			children = (
				3B5426152CD1A9680013759D /* Preview Assets.xcassets */,
			);
			path = "Preview Content";
			sourceTree = "<group>";
		};
		3B54261D2CD1BC530013759D /* Frameworks */ = {
			isa = PBXGroup;
			children = (
			);
			name = Frameworks;
			sourceTree = "<group>";
		};
/* End PBXGroup section */

/* Begin PBXNativeTarget section */
		3B5426092CD1A9660013759D /* Socket Plug Exp */ = {
			isa = PBXNativeTarget;
			buildConfigurationList = 3B5426192CD1A9680013759D /* Build configuration list for PBXNativeTarget "Socket Plug Exp" */;
			buildPhases = (
				3B5426062CD1A9660013759D /* Sources */,
				3B5426072CD1A9660013759D /* Frameworks */,
				3B5426082CD1A9660013759D /* Resources */,
			);
			buildRules = (
			);
			dependencies = (
			);
			name = "Socket Plug Exp";
			packageProductDependencies = (
				3B5426212CD1D5AD0013759D /* TeamA */,
				3B5426422CD1F54B0013759D /* DesignKit */,
				3B5426472CD1FBF90013759D /* TeamB */,
			);
			productName = "Socket Plug Exp";
			productReference = 3B54260A2CD1A9660013759D /* Socket Plug Exp.app */;
			productType = "com.apple.product-type.application";
		};
/* End PBXNativeTarget section */

/* Begin PBXProject section */
		3B5426022CD1A9660013759D /* Project object */ = {
			isa = PBXProject;
			attributes = {
				BuildIndependentTargetsInParallel = 1;
				LastSwiftUpdateCheck = 1520;
				LastUpgradeCheck = 1520;
				TargetAttributes = {
					3B5426092CD1A9660013759D = {
						CreatedOnToolsVersion = 15.2;
					};
				};
			};
			buildConfigurationList = 3B5426052CD1A9660013759D /* Build configuration list for PBXProject "Socket Plug Exp" */;
			compatibilityVersion = "Xcode 14.0";
			developmentRegion = en;
			hasScannedForEncodings = 0;
			knownRegions = (
				en,
				Base,
			);
			mainGroup = 3B5426012CD1A9660013759D;
			productRefGroup = 3B54260B2CD1A9660013759D /* Products */;
			projectDirPath = "";
			projectRoot = "";
			targets = (
				3B5426092CD1A9660013759D /* Socket Plug Exp */,
			);
		};
/* End PBXProject section */

/* Begin PBXResourcesBuildPhase section */
		3B5426082CD1A9660013759D /* Resources */ = {
			isa = PBXResourcesBuildPhase;
			buildActionMask = 2147483647;
			files = (
				3B5426162CD1A9680013759D /* Preview Assets.xcassets in Resources */,
				3B5426122CD1A9680013759D /* Assets.xcassets in Resources */,
			);
			runOnlyForDeploymentPostprocessing = 0;
		};
/* End PBXResourcesBuildPhase section */

/* Begin PBXSourcesBuildPhase section */
		3B5426062CD1A9660013759D /* Sources */ = {
			isa = PBXSourcesBuildPhase;
			buildActionMask = 2147483647;
			files = (
				3B5426242CD1DABC0013759D /* AppDelegate.swift in Sources */,
				3B5426102CD1A9660013759D /* ContentView.swift in Sources */,
				3B54260E2CD1A9660013759D /* Socket_Plug_ExpApp.swift in Sources */,
			);
			runOnlyForDeploymentPostprocessing = 0;
		};
/* End PBXSourcesBuildPhase section */

/* Begin XCBuildConfiguration section */
		3B5426172CD1A9680013759D /* Debug */ = {
			isa = XCBuildConfiguration;
			buildSettings = {
				ALWAYS_SEARCH_USER_PATHS = NO;
				ASSETCATALOG_COMPILER_GENERATE_SWIFT_ASSET_SYMBOL_EXTENSIONS = YES;
				CLANG_ANALYZER_NONNULL = YES;
				CLANG_ANALYZER_NUMBER_OBJECT_CONVERSION = YES_AGGRESSIVE;
				CLANG_CXX_LANGUAGE_STANDARD = "gnu++20";
				CLANG_ENABLE_MODULES = YES;
				CLANG_ENABLE_OBJC_ARC = YES;
				CLANG_ENABLE_OBJC_WEAK = YES;
				CLANG_WARN_BLOCK_CAPTURE_AUTORELEASING = YES;
				CLANG_WARN_BOOL_CONVERSION = YES;
				CLANG_WARN_COMMA = YES;
				CLANG_WARN_CONSTANT_CONVERSION = YES;
				CLANG_WARN_DEPRECATED_OBJC_IMPLEMENTATIONS = YES;
				CLANG_WARN_DIRECT_OBJC_ISA_USAGE = YES_ERROR;
				CLANG_WARN_DOCUMENTATION_COMMENTS = YES;
				CLANG_WARN_EMPTY_BODY = YES;
				CLANG_WARN_ENUM_CONVERSION = YES;
				CLANG_WARN_INFINITE_RECURSION = YES;
				CLANG_WARN_INT_CONVERSION = YES;
				CLANG_WARN_NON_LITERAL_NULL_CONVERSION = YES;
				CLANG_WARN_OBJC_IMPLICIT_RETAIN_SELF = YES;
				CLANG_WARN_OBJC_LITERAL_CONVERSION = YES;
				CLANG_WARN_OBJC_ROOT_CLASS = YES_ERROR;
				CLANG_WARN_QUOTED_INCLUDE_IN_FRAMEWORK_HEADER = YES;
				CLANG_WARN_RANGE_LOOP_ANALYSIS = YES;
				CLANG_WARN_STRICT_PROTOTYPES = YES;
				CLANG_WARN_SUSPICIOUS_MOVE = YES;
				CLANG_WARN_UNGUARDED_AVAILABILITY = YES_AGGRESSIVE;
				CLANG_WARN_UNREACHABLE_CODE = YES;
				CLANG_WARN__DUPLICATE_METHOD_MATCH = YES;
				COPY_PHASE_STRIP = NO;
				DEBUG_INFORMATION_FORMAT = dwarf;
				ENABLE_STRICT_OBJC_MSGSEND = YES;
				ENABLE_TESTABILITY = YES;
				ENABLE_USER_SCRIPT_SANDBOXING = YES;
				GCC_C_LANGUAGE_STANDARD = gnu17;
				GCC_DYNAMIC_NO_PIC = NO;
				GCC_NO_COMMON_BLOCKS = YES;
				GCC_OPTIMIZATION_LEVEL = 0;
				GCC_PREPROCESSOR_DEFINITIONS = (
					"DEBUG=1",
					"$(inherited)",
				);
				GCC_WARN_64_TO_32_BIT_CONVERSION = YES;
				GCC_WARN_ABOUT_RETURN_TYPE = YES_ERROR;
				GCC_WARN_UNDECLARED_SELECTOR = YES;
				GCC_WARN_UNINITIALIZED_AUTOS = YES_AGGRESSIVE;
				GCC_WARN_UNUSED_FUNCTION = YES;
				GCC_WARN_UNUSED_VARIABLE = YES;
				LOCALIZATION_PREFERS_STRING_CATALOGS = YES;
				MTL_ENABLE_DEBUG_INFO = INCLUDE_SOURCE;
				MTL_FAST_MATH = YES;
				ONLY_ACTIVE_ARCH = YES;
				SWIFT_ACTIVE_COMPILATION_CONDITIONS = "DEBUG $(inherited)";
				SWIFT_OPTIMIZATION_LEVEL = "-Onone";
			};
			name = Debug;
		};
		3B5426182CD1A9680013759D /* Release */ = {
			isa = XCBuildConfiguration;
			buildSettings = {
				ALWAYS_SEARCH_USER_PATHS = NO;
				ASSETCATALOG_COMPILER_GENERATE_SWIFT_ASSET_SYMBOL_EXTENSIONS = YES;
				CLANG_ANALYZER_NONNULL = YES;
				CLANG_ANALYZER_NUMBER_OBJECT_CONVERSION = YES_AGGRESSIVE;
				CLANG_CXX_LANGUAGE_STANDARD = "gnu++20";
				CLANG_ENABLE_MODULES = YES;
				CLANG_ENABLE_OBJC_ARC = YES;
				CLANG_ENABLE_OBJC_WEAK = YES;
				CLANG_WARN_BLOCK_CAPTURE_AUTORELEASING = YES;
				CLANG_WARN_BOOL_CONVERSION = YES;
				CLANG_WARN_COMMA = YES;
				CLANG_WARN_CONSTANT_CONVERSION = YES;
				CLANG_WARN_DEPRECATED_OBJC_IMPLEMENTATIONS = YES;
				CLANG_WARN_DIRECT_OBJC_ISA_USAGE = YES_ERROR;
				CLANG_WARN_DOCUMENTATION_COMMENTS = YES;
				CLANG_WARN_EMPTY_BODY = YES;
				CLANG_WARN_ENUM_CONVERSION = YES;
				CLANG_WARN_INFINITE_RECURSION = YES;
				CLANG_WARN_INT_CONVERSION = YES;
				CLANG_WARN_NON_LITERAL_NULL_CONVERSION = YES;
				CLANG_WARN_OBJC_IMPLICIT_RETAIN_SELF = YES;
				CLANG_WARN_OBJC_LITERAL_CONVERSION = YES;
				CLANG_WARN_OBJC_ROOT_CLASS = YES_ERROR;
				CLANG_WARN_QUOTED_INCLUDE_IN_FRAMEWORK_HEADER = YES;
				CLANG_WARN_RANGE_LOOP_ANALYSIS = YES;
				CLANG_WARN_STRICT_PROTOTYPES = YES;
				CLANG_WARN_SUSPICIOUS_MOVE = YES;
				CLANG_WARN_UNGUARDED_AVAILABILITY = YES_AGGRESSIVE;
				CLANG_WARN_UNREACHABLE_CODE = YES;
				CLANG_WARN__DUPLICATE_METHOD_MATCH = YES;
				COPY_PHASE_STRIP = NO;
				DEBUG_INFORMATION_FORMAT = "dwarf-with-dsym";
				ENABLE_NS_ASSERTIONS = NO;
				ENABLE_STRICT_OBJC_MSGSEND = YES;
				ENABLE_USER_SCRIPT_SANDBOXING = YES;
				GCC_C_LANGUAGE_STANDARD = gnu17;
				GCC_NO_COMMON_BLOCKS = YES;
				GCC_WARN_64_TO_32_BIT_CONVERSION = YES;
				GCC_WARN_ABOUT_RETURN_TYPE = YES_ERROR;
				GCC_WARN_UNDECLARED_SELECTOR = YES;
				GCC_WARN_UNINITIALIZED_AUTOS = YES_AGGRESSIVE;
				GCC_WARN_UNUSED_FUNCTION = YES;
				GCC_WARN_UNUSED_VARIABLE = YES;
				LOCALIZATION_PREFERS_STRING_CATALOGS = YES;
				MTL_ENABLE_DEBUG_INFO = NO;
				MTL_FAST_MATH = YES;
				SWIFT_COMPILATION_MODE = wholemodule;
			};
			name = Release;
		};
		3B54261A2CD1A9680013759D /* Debug */ = {
			isa = XCBuildConfiguration;
			buildSettings = {
				ASSETCATALOG_COMPILER_APPICON_NAME = AppIcon;
				ASSETCATALOG_COMPILER_GLOBAL_ACCENT_COLOR_NAME = AccentColor;
				CODE_SIGN_ENTITLEMENTS = "Socket Plug Exp/Socket_Plug_Exp.entitlements";
				CODE_SIGN_STYLE = Automatic;
				CURRENT_PROJECT_VERSION = 1;
				DEVELOPMENT_ASSET_PATHS = "\"Socket Plug Exp/Preview Content\"";
				DEVELOPMENT_TEAM = VZR7JBHZZU;
				ENABLE_HARDENED_RUNTIME = YES;
				ENABLE_PREVIEWS = YES;
				GENERATE_INFOPLIST_FILE = YES;
				"INFOPLIST_KEY_UIApplicationSceneManifest_Generation[sdk=iphoneos*]" = YES;
				"INFOPLIST_KEY_UIApplicationSceneManifest_Generation[sdk=iphonesimulator*]" = YES;
				"INFOPLIST_KEY_UIApplicationSupportsIndirectInputEvents[sdk=iphoneos*]" = YES;
				"INFOPLIST_KEY_UIApplicationSupportsIndirectInputEvents[sdk=iphonesimulator*]" = YES;
				"INFOPLIST_KEY_UILaunchScreen_Generation[sdk=iphoneos*]" = YES;
				"INFOPLIST_KEY_UILaunchScreen_Generation[sdk=iphonesimulator*]" = YES;
				"INFOPLIST_KEY_UIStatusBarStyle[sdk=iphoneos*]" = UIStatusBarStyleDefault;
				"INFOPLIST_KEY_UIStatusBarStyle[sdk=iphonesimulator*]" = UIStatusBarStyleDefault;
				INFOPLIST_KEY_UISupportedInterfaceOrientations_iPad = "UIInterfaceOrientationPortrait UIInterfaceOrientationPortraitUpsideDown UIInterfaceOrientationLandscapeLeft UIInterfaceOrientationLandscapeRight";
				INFOPLIST_KEY_UISupportedInterfaceOrientations_iPhone = "UIInterfaceOrientationPortrait UIInterfaceOrientationLandscapeLeft UIInterfaceOrientationLandscapeRight";
				IPHONEOS_DEPLOYMENT_TARGET = 17.2;
				LD_RUNPATH_SEARCH_PATHS = "@executable_path/Frameworks";
				"LD_RUNPATH_SEARCH_PATHS[sdk=macosx*]" = "@executable_path/../Frameworks";
				MACOSX_DEPLOYMENT_TARGET = 14.2;
				MARKETING_VERSION = 1.0;
				PRODUCT_BUNDLE_IDENTIFIER = "com.elye.Socket-Plug-Exp";
				PRODUCT_NAME = "$(TARGET_NAME)";
				SDKROOT = auto;
				SUPPORTED_PLATFORMS = "iphoneos iphonesimulator macosx";
				SWIFT_EMIT_LOC_STRINGS = YES;
				SWIFT_VERSION = 5.0;
				TARGETED_DEVICE_FAMILY = "1,2";
			};
			name = Debug;
		};
		3B54261B2CD1A9680013759D /* Release */ = {
			isa = XCBuildConfiguration;
			buildSettings = {
				ASSETCATALOG_COMPILER_APPICON_NAME = AppIcon;
				ASSETCATALOG_COMPILER_GLOBAL_ACCENT_COLOR_NAME = AccentColor;
				CODE_SIGN_ENTITLEMENTS = "Socket Plug Exp/Socket_Plug_Exp.entitlements";
				CODE_SIGN_STYLE = Automatic;
				CURRENT_PROJECT_VERSION = 1;
				DEVELOPMENT_ASSET_PATHS = "\"Socket Plug Exp/Preview Content\"";
				DEVELOPMENT_TEAM = VZR7JBHZZU;
				ENABLE_HARDENED_RUNTIME = YES;
				ENABLE_PREVIEWS = YES;
				GENERATE_INFOPLIST_FILE = YES;
				"INFOPLIST_KEY_UIApplicationSceneManifest_Generation[sdk=iphoneos*]" = YES;
				"INFOPLIST_KEY_UIApplicationSceneManifest_Generation[sdk=iphonesimulator*]" = YES;
				"INFOPLIST_KEY_UIApplicationSupportsIndirectInputEvents[sdk=iphoneos*]" = YES;
				"INFOPLIST_KEY_UIApplicationSupportsIndirectInputEvents[sdk=iphonesimulator*]" = YES;
				"INFOPLIST_KEY_UILaunchScreen_Generation[sdk=iphoneos*]" = YES;
				"INFOPLIST_KEY_UILaunchScreen_Generation[sdk=iphonesimulator*]" = YES;
				"INFOPLIST_KEY_UIStatusBarStyle[sdk=iphoneos*]" = UIStatusBarStyleDefault;
				"INFOPLIST_KEY_UIStatusBarStyle[sdk=iphonesimulator*]" = UIStatusBarStyleDefault;
				INFOPLIST_KEY_UISupportedInterfaceOrientations_iPad = "UIInterfaceOrientationPortrait UIInterfaceOrientationPortraitUpsideDown UIInterfaceOrientationLandscapeLeft UIInterfaceOrientationLandscapeRight";
				INFOPLIST_KEY_UISupportedInterfaceOrientations_iPhone = "UIInterfaceOrientationPortrait UIInterfaceOrientationLandscapeLeft UIInterfaceOrientationLandscapeRight";
				IPHONEOS_DEPLOYMENT_TARGET = 17.2;
				LD_RUNPATH_SEARCH_PATHS = "@executable_path/Frameworks";
				"LD_RUNPATH_SEARCH_PATHS[sdk=macosx*]" = "@executable_path/../Frameworks";
				MACOSX_DEPLOYMENT_TARGET = 14.2;
				MARKETING_VERSION = 1.0;
				PRODUCT_BUNDLE_IDENTIFIER = "com.elye.Socket-Plug-Exp";
				PRODUCT_NAME = "$(TARGET_NAME)";
				SDKROOT = auto;
				SUPPORTED_PLATFORMS = "iphoneos iphonesimulator macosx";
				SWIFT_EMIT_LOC_STRINGS = YES;
				SWIFT_VERSION = 5.0;
				TARGETED_DEVICE_FAMILY = "1,2";
			};
			name = Release;
		};
/* End XCBuildConfiguration section */

/* Begin XCConfigurationList section */
		3B5426052CD1A9660013759D /* Build configuration list for PBXProject "Socket Plug Exp" */ = {
			isa = XCConfigurationList;
			buildConfigurations = (
				3B5426172CD1A9680013759D /* Debug */,
				3B5426182CD1A9680013759D /* Release */,
			);
			defaultConfigurationIsVisible = 0;
			defaultConfigurationName = Release;
		};
		3B5426192CD1A9680013759D /* Build configuration list for PBXNativeTarget "Socket Plug Exp" */ = {
			isa = XCConfigurationList;
			buildConfigurations = (
				3B54261A2CD1A9680013759D /* Debug */,
				3B54261B2CD1A9680013759D /* Release */,
			);
			defaultConfigurationIsVisible = 0;
			defaultConfigurationName = Release;
		};
/* End XCConfigurationList section */

/* Begin XCSwiftPackageProductDependency section */
		3B5426212CD1D5AD0013759D /* TeamA */ = {
			isa = XCSwiftPackageProductDependency;
			productName = TeamA;
		};
		3B5426422CD1F54B0013759D /* DesignKit */ = {
			isa = XCSwiftPackageProductDependency;
			productName = DesignKit;
		};
		3B5426472CD1FBF90013759D /* TeamB */ = {
			isa = XCSwiftPackageProductDependency;
			productName = TeamB;
		};
/* End XCSwiftPackageProductDependency section */
	};
	rootObject = 3B5426022CD1A9660013759D /* Project object */;
}
